
Microsoft Visual Studio Solution File, Format Version 12.00
# Visual Studio Version 17
VisualStudioVersion = 17.10.34928.147
MinimumVisualStudioVersion = 10.0.40219.1
Project("{9A19103F-16F7-4668-BE54-9A1E7A4F7556}") = "Pip.UI", "Pip\Pip.UI.csproj", "{5CE723D9-38E1-4A38-B315-6A26E5FBA471}"
EndProject
Project("{9A19103F-16F7-4668-BE54-9A1E7A4F7556}") = "Pip.DataAccess", "Pip.DataAccess\Pip.DataAccess.csproj", "{F291910D-7D57-436E-9759-071E093FF1FE}"
EndProject
Project("{9A19103F-16F7-4668-BE54-9A1E7A4F7556}") = "Pip.Model", "Pip.Model\Pip.Model.csproj", "{4841918D-B353-4AEF-AA5E-CFFDD5E0830F}"
EndProject
Project("{FAE04EC0-301F-11D3-BF4B-00C04F79EFBC}") = "Pip.WinUI", "Pip.WinUI\Pip.WinUI.csproj", "{708E0814-8E69-404A-9822-0750622CA91B}"
EndProject
Project("{FAE04EC0-301F-11D3-BF4B-00C04F79EFBC}") = "Pip.WinUI.Core", "Pip.WinUI.Core\Pip.WinUI.Core.csproj", "{5EF2FA4B-EE57-417D-A958-366105793EB0}"
EndProject
Project("{FAE04EC0-301F-11D3-BF4B-00C04F79EFBC}") = "Td", "Td\Td.csproj", "{066E248B-D49A-4250-BA9C-E181153F2AE5}"
EndProject
Project("{FAE04EC0-301F-11D3-BF4B-00C04F79EFBC}") = "Pip.Console", "Pip.Console\Pip.Console.csproj", "{BA52837A-F59B-4B16-A802-C0BF427374CA}"
EndProject
Global
	GlobalSection(SolutionConfigurationPlatforms) = preSolution
		Debug|Any CPU = Debug|Any CPU
		Debug|x64 = Debug|x64
		Release|Any CPU = Release|Any CPU
		Release|x64 = Release|x64
	EndGlobalSection
	GlobalSection(ProjectConfigurationPlatforms) = postSolution
		{5CE723D9-38E1-4A38-B315-6A26E5FBA471}.Debug|Any CPU.ActiveCfg = Debug|Any CPU
		{5CE723D9-38E1-4A38-B315-6A26E5FBA471}.Debug|Any CPU.Build.0 = Debug|Any CPU
		{5CE723D9-38E1-4A38-B315-6A26E5FBA471}.Debug|x64.ActiveCfg = Debug|x64
		{5CE723D9-38E1-4A38-B315-6A26E5FBA471}.Debug|x64.Build.0 = Debug|x64
		{5CE723D9-38E1-4A38-B315-6A26E5FBA471}.Release|Any CPU.ActiveCfg = Release|Any CPU
		{5CE723D9-38E1-4A38-B315-6A26E5FBA471}.Release|Any CPU.Build.0 = Release|Any CPU
		{5CE723D9-38E1-4A38-B315-6A26E5FBA471}.Release|x64.ActiveCfg = Release|x64
		{5CE723D9-38E1-4A38-B315-6A26E5FBA471}.Release|x64.Build.0 = Release|x64
		{F291910D-7D57-436E-9759-071E093FF1FE}.Debug|Any CPU.ActiveCfg = Debug|Any CPU
		{F291910D-7D57-436E-9759-071E093FF1FE}.Debug|Any CPU.Build.0 = Debug|Any CPU
		{F291910D-7D57-436E-9759-071E093FF1FE}.Debug|x64.ActiveCfg = Debug|Any CPU
		{F291910D-7D57-436E-9759-071E093FF1FE}.Debug|x64.Build.0 = Debug|Any CPU
		{F291910D-7D57-436E-9759-071E093FF1FE}.Release|Any CPU.ActiveCfg = Release|Any CPU
		{F291910D-7D57-436E-9759-071E093FF1FE}.Release|Any CPU.Build.0 = Release|Any CPU
		{F291910D-7D57-436E-9759-071E093FF1FE}.Release|x64.ActiveCfg = Release|Any CPU
		{F291910D-7D57-436E-9759-071E093FF1FE}.Release|x64.Build.0 = Release|Any CPU
		{4841918D-B353-4AEF-AA5E-CFFDD5E0830F}.Debug|Any CPU.ActiveCfg = Debug|Any CPU
		{4841918D-B353-4AEF-AA5E-CFFDD5E0830F}.Debug|Any CPU.Build.0 = Debug|Any CPU
		{4841918D-B353-4AEF-AA5E-CFFDD5E0830F}.Debug|x64.ActiveCfg = Debug|Any CPU
		{4841918D-B353-4AEF-AA5E-CFFDD5E0830F}.Debug|x64.Build.0 = Debug|Any CPU
		{4841918D-B353-4AEF-AA5E-CFFDD5E0830F}.Release|Any CPU.ActiveCfg = Release|Any CPU
		{4841918D-B353-4AEF-AA5E-CFFDD5E0830F}.Release|Any CPU.Build.0 = Release|Any CPU
		{4841918D-B353-4AEF-AA5E-CFFDD5E0830F}.Release|x64.ActiveCfg = Release|Any CPU
		{4841918D-B353-4AEF-AA5E-CFFDD5E0830F}.Release|x64.Build.0 = Release|Any CPU
		{708E0814-8E69-404A-9822-0750622CA91B}.Debug|Any CPU.ActiveCfg = Debug|x64
		{708E0814-8E69-404A-9822-0750622CA91B}.Debug|Any CPU.Build.0 = Debug|x64
		{708E0814-8E69-404A-9822-0750622CA91B}.Debug|Any CPU.Deploy.0 = Debug|x64
		{708E0814-8E69-404A-9822-0750622CA91B}.Debug|x64.ActiveCfg = Debug|x64
		{708E0814-8E69-404A-9822-0750622CA91B}.Debug|x64.Build.0 = Debug|x64
		{708E0814-8E69-404A-9822-0750622CA91B}.Debug|x64.Deploy.0 = Debug|x64
		{708E0814-8E69-404A-9822-0750622CA91B}.Release|Any CPU.ActiveCfg = Release|x64
		{708E0814-8E69-404A-9822-0750622CA91B}.Release|Any CPU.Build.0 = Release|x64
		{708E0814-8E69-404A-9822-0750622CA91B}.Release|Any CPU.Deploy.0 = Release|x64
		{708E0814-8E69-404A-9822-0750622CA91B}.Release|x64.ActiveCfg = Release|x64
		{708E0814-8E69-404A-9822-0750622CA91B}.Release|x64.Build.0 = Release|x64
		{708E0814-8E69-404A-9822-0750622CA91B}.Release|x64.Deploy.0 = Release|x64
		{5EF2FA4B-EE57-417D-A958-366105793EB0}.Debug|Any CPU.ActiveCfg = Debug|Any CPU
		{5EF2FA4B-EE57-417D-A958-366105793EB0}.Debug|Any CPU.Build.0 = Debug|Any CPU
		{5EF2FA4B-EE57-417D-A958-366105793EB0}.Debug|x64.ActiveCfg = Debug|x64
		{5EF2FA4B-EE57-417D-A958-366105793EB0}.Debug|x64.Build.0 = Debug|x64
		{5EF2FA4B-EE57-417D-A958-366105793EB0}.Release|Any CPU.ActiveCfg = Release|Any CPU
		{5EF2FA4B-EE57-417D-A958-366105793EB0}.Release|Any CPU.Build.0 = Release|Any CPU
		{5EF2FA4B-EE57-417D-A958-366105793EB0}.Release|x64.ActiveCfg = Release|x64
		{5EF2FA4B-EE57-417D-A958-366105793EB0}.Release|x64.Build.0 = Release|x64
		{066E248B-D49A-4250-BA9C-E181153F2AE5}.Debug|Any CPU.ActiveCfg = Debug|Any CPU
		{066E248B-D49A-4250-BA9C-E181153F2AE5}.Debug|Any CPU.Build.0 = Debug|Any CPU
		{066E248B-D49A-4250-BA9C-E181153F2AE5}.Debug|x64.ActiveCfg = Debug|Any CPU
		{066E248B-D49A-4250-BA9C-E181153F2AE5}.Debug|x64.Build.0 = Debug|Any CPU
		{066E248B-D49A-4250-BA9C-E181153F2AE5}.Release|Any CPU.ActiveCfg = Release|Any CPU
		{066E248B-D49A-4250-BA9C-E181153F2AE5}.Release|Any CPU.Build.0 = Release|Any CPU
		{066E248B-D49A-4250-BA9C-E181153F2AE5}.Release|x64.ActiveCfg = Release|Any CPU
		{066E248B-D49A-4250-BA9C-E181153F2AE5}.Release|x64.Build.0 = Release|Any CPU
		{BA52837A-F59B-4B16-A802-C0BF427374CA}.Debug|Any CPU.ActiveCfg = Debug|Any CPU
		{BA52837A-F59B-4B16-A802-C0BF427374CA}.Debug|Any CPU.Build.0 = Debug|Any CPU
		{BA52837A-F59B-4B16-A802-C0BF427374CA}.Debug|x64.ActiveCfg = Debug|Any CPU
		{BA52837A-F59B-4B16-A802-C0BF427374CA}.Debug|x64.Build.0 = Debug|Any CPU
		{BA52837A-F59B-4B16-A802-C0BF427374CA}.Release|Any CPU.ActiveCfg = Release|Any CPU
		{BA52837A-F59B-4B16-A802-C0BF427374CA}.Release|Any CPU.Build.0 = Release|Any CPU
		{BA52837A-F59B-4B16-A802-C0BF427374CA}.Release|x64.ActiveCfg = Release|Any CPU
		{BA52837A-F59B-4B16-A802-C0BF427374CA}.Release|x64.Build.0 = Release|Any CPU
	EndGlobalSection
	GlobalSection(SolutionProperties) = preSolution
		HideSolutionNode = FALSE
	EndGlobalSection
	GlobalSection(ExtensibilityGlobals) = postSolution
		SolutionGuid = {89521747-E9E2-45D4-AFF8-AE8FB8B472E7}
	EndGlobalSection
EndGlobal
